
Microsoft Visual Studio Solution File, Format Version 12.00
# Visual Studio 15
Project("{FAE04EC0-301F-11D3-BF4B-00C04F79EFBC}") = "Assembly-CSharp-Editor", "Assembly-CSharp-Editor.csproj", "{670C2870-86D1-D39A-5BE0-6C911934EE1B}"
EndProject
Project("{FAE04EC0-301F-11D3-BF4B-00C04F79EFBC}") = "Assembly-CSharp", "Assembly-CSharp.csproj", "{2CB68567-2D2E-8A38-CF7B-6553AD25C3F7}"
EndProject
Global
	GlobalSection(SolutionConfigurationPlatforms) = preSolution
		Debug|Any CPU = Debug|Any CPU
		Release|Any CPU = Release|Any CPU
	EndGlobalSection
	GlobalSection(ProjectConfigurationPlatforms) = postSolution
		{670C2870-86D1-D39A-5BE0-6C911934EE1B}.Debug|Any CPU.ActiveCfg = Debug|Any CPU
		{670C2870-86D1-D39A-5BE0-6C911934EE1B}.Debug|Any CPU.Build.0 = Debug|Any CPU
		{670C2870-86D1-D39A-5BE0-6C911934EE1B}.Release|Any CPU.ActiveCfg = Release|Any CPU
		{670C2870-86D1-D39A-5BE0-6C911934EE1B}.Release|Any CPU.Build.0 = Release|Any CPU
		{2CB68567-2D2E-8A38-CF7B-6553AD25C3F7}.Debug|Any CPU.ActiveCfg = Debug|Any CPU
		{2CB68567-2D2E-8A38-CF7B-6553AD25C3F7}.Debug|Any CPU.Build.0 = Debug|Any CPU
		{2CB68567-2D2E-8A38-CF7B-6553AD25C3F7}.Release|Any CPU.ActiveCfg = Release|Any CPU
		{2CB68567-2D2E-8A38-CF7B-6553AD25C3F7}.Release|Any CPU.Build.0 = Release|Any CPU
	EndGlobalSection
	GlobalSection(SolutionProperties) = preSolution
		HideSolutionNode = FALSE
	EndGlobalSection
EndGlobal
